
Microsoft Visual Studio Solution File, Format Version 12.00
# Visual Studio 15
VisualStudioVersion = 15.0.28307.421
MinimumVisualStudioVersion = 10.0.40219.1
Project("{FAE04EC0-301F-11D3-BF4B-00C04F79EFBC}") = "WebApplication3", "WebApplication3\WebApplication3.csproj", "{68063A42-00EA-4191-A94B-F45F0419C364}"
EndProject
Global
	GlobalSection(SolutionConfigurationPlatforms) = preSolution
		Debug|Any CPU = Debug|Any CPU
		Release|Any CPU = Release|Any CPU
	EndGlobalSection
	GlobalSection(ProjectConfigurationPlatforms) = postSolution
		{68063A42-00EA-4191-A94B-F45F0419C364}.Debug|Any CPU.ActiveCfg = Debug|Any CPU
		{68063A42-00EA-4191-A94B-F45F0419C364}.Debug|Any CPU.Build.0 = Debug|Any CPU
		{68063A42-00EA-4191-A94B-F45F0419C364}.Release|Any CPU.ActiveCfg = Release|Any CPU
		{68063A42-00EA-4191-A94B-F45F0419C364}.Release|Any CPU.Build.0 = Release|Any CPU
	EndGlobalSection
	GlobalSection(SolutionProperties) = preSolution
		HideSolutionNode = FALSE
	EndGlobalSection
	GlobalSection(ExtensibilityGlobals) = postSolution
		SolutionGuid = {F08C059F-936C-46B1-8404-A2E99576FA52}
	EndGlobalSection
EndGlobal
